
Microsoft Visual Studio Solution File, Format Version 12.00
# Visual Studio Version 17
VisualStudioVersion = 17.12.35527.113
MinimumVisualStudioVersion = 10.0.40219.1
Project("{2150E333-8FDC-42A3-9474-1A3956D46DE8}") = "Solution Items", "Solution Items", "{5D6A5050-2692-40EF-93FF-5B21B25FCBA7}"
	ProjectSection(SolutionItems) = preProject
		.gitignore = .gitignore
		README.md = README.md
	EndProjectSection
EndProject
Project("{FAE04EC0-301F-11D3-BF4B-00C04F79EFBC}") = "TwistedFizzBuzz", "TwistedFizzBuzz\TwistedFizzBuzz.csproj", "{016267E3-7F8C-4994-AF97-481A49598C89}"
EndProject
Project("{FAE04EC0-301F-11D3-BF4B-00C04F79EFBC}") = "TwistedFizzBuzz.StandardProblem", "TwistedFizzBuzz.StandardProblem\TwistedFizzBuzz.StandardProblem.csproj", "{372BBE2B-489F-4A3F-9693-EF5B435B1105}"
EndProject
Project("{FAE04EC0-301F-11D3-BF4B-00C04F79EFBC}") = "TwistedFizzBuzz.AlternativeProblem", "TwistedFizzBuzz.AlternativeProblem\TwistedFizzBuzz.AlternativeProblem.csproj", "{D541E015-C908-46CB-976C-03D1A92141DF}"
EndProject
Global
	GlobalSection(SolutionConfigurationPlatforms) = preSolution
		Debug|Any CPU = Debug|Any CPU
		Release|Any CPU = Release|Any CPU
	EndGlobalSection
	GlobalSection(ProjectConfigurationPlatforms) = postSolution
		{016267E3-7F8C-4994-AF97-481A49598C89}.Debug|Any CPU.ActiveCfg = Debug|Any CPU
		{016267E3-7F8C-4994-AF97-481A49598C89}.Debug|Any CPU.Build.0 = Debug|Any CPU
		{016267E3-7F8C-4994-AF97-481A49598C89}.Release|Any CPU.ActiveCfg = Release|Any CPU
		{016267E3-7F8C-4994-AF97-481A49598C89}.Release|Any CPU.Build.0 = Release|Any CPU
		{372BBE2B-489F-4A3F-9693-EF5B435B1105}.Debug|Any CPU.ActiveCfg = Debug|Any CPU
		{372BBE2B-489F-4A3F-9693-EF5B435B1105}.Debug|Any CPU.Build.0 = Debug|Any CPU
		{372BBE2B-489F-4A3F-9693-EF5B435B1105}.Release|Any CPU.ActiveCfg = Release|Any CPU
		{372BBE2B-489F-4A3F-9693-EF5B435B1105}.Release|Any CPU.Build.0 = Release|Any CPU
		{D541E015-C908-46CB-976C-03D1A92141DF}.Debug|Any CPU.ActiveCfg = Debug|Any CPU
		{D541E015-C908-46CB-976C-03D1A92141DF}.Debug|Any CPU.Build.0 = Debug|Any CPU
		{D541E015-C908-46CB-976C-03D1A92141DF}.Release|Any CPU.ActiveCfg = Release|Any CPU
		{D541E015-C908-46CB-976C-03D1A92141DF}.Release|Any CPU.Build.0 = Release|Any CPU
	EndGlobalSection
	GlobalSection(SolutionProperties) = preSolution
		HideSolutionNode = FALSE
	EndGlobalSection
EndGlobal
